# This file was autogenerated by Stack.
# You should not edit this file by hand.
# For more information, please see the documentation at:
#   https://docs.haskellstack.org/en/stable/lock_files

packages:
- completed:
    cabal-file:
      size: 1557
      sha256: ea2819633dfb0b0f0c6ad0ee4016cb395741fa4a66d1a60ca4c7293d67d24fc7
    name: ioautomata
    version: 0.1.0
    git: https://github.com/abailly/ioautomata.git
    pantry-tree:
      size: 1056
      sha256: e37d5bedf9eb247767ceece469e3c6985c50ed8f69cb8c3877b004e7a8bcfca0
    commit: e2e5816611d7166f58ecdd299f7f6d2776983f70
  original:
    git: https://github.com/abailly/ioautomata.git
    commit: e2e5816611d7166f58ecdd299f7f6d2776983f70
- completed:
    hackage: term-rewriting-0.4.0.2@sha256:5412f6aa29c5756634ee30e8df923c83ab9f012a4b8797c460af3d7078466764,2740
    pantry-tree:
      size: 3012
      sha256: 15a74c023b9caebbea2bda44141a060e78d46673c5768101c14fcd332c2408a0
  original:
    hackage: term-rewriting-0.4.0.2@sha256:5412f6aa29c5756634ee30e8df923c83ab9f012a4b8797c460af3d7078466764,2740
- completed:
    hackage: union-find-array-0.1.0.2@sha256:38c2dfbae3de48d8962f202ec5c4d6323ac767d6838b85e8d340c3608d6c0f21,1406
    pantry-tree:
      size: 482
      sha256: e2f321041a1a777752f31bfe8d3bcf5f68d2d3ead2263560883e9610af719437
  original:
    hackage: union-find-array-0.1.0.2@sha256:38c2dfbae3de48d8962f202ec5c4d6323ac767d6838b85e8d340c3608d6c0f21,1406
snapshots:
- completed:
    size: 524154
    url: https://raw.githubusercontent.com/commercialhaskell/stackage-snapshots/master/lts/14/20.yaml
    sha256: 2f5099f69ddb6abfe64400fe1e6a604e8e628f55e6837211cd70a81eb0a8fa4d
  original: lts-14.20
